
Microsoft Visual Studio Solution File, Format Version 12.00
# Visual Studio Version 17
VisualStudioVersion = 17.5.33530.505
MinimumVisualStudioVersion = 10.0.40219.1
Project("{FAE04EC0-301F-11D3-BF4B-00C04F79EFBC}") = "ProblemSolving", "ProblemSolving\ProblemSolving.csproj", "{9125DC61-0C0A-406D-8A46-8B7792514597}"
EndProject
Project("{9A19103F-16F7-4668-BE54-9A1E7A4F7556}") = "HeyWorld", "..\HeyWorld\HeyWorld\HeyWorld.csproj", "{986AE308-B5DE-48BD-AD50-0EF7C1A2FDD2}"
EndProject
Global
	GlobalSection(SolutionConfigurationPlatforms) = preSolution
		Debug|Any CPU = Debug|Any CPU
		Release|Any CPU = Release|Any CPU
	EndGlobalSection
	GlobalSection(ProjectConfigurationPlatforms) = postSolution
		{9125DC61-0C0A-406D-8A46-8B7792514597}.Debug|Any CPU.ActiveCfg = Debug|Any CPU
		{9125DC61-0C0A-406D-8A46-8B7792514597}.Debug|Any CPU.Build.0 = Debug|Any CPU
		{9125DC61-0C0A-406D-8A46-8B7792514597}.Release|Any CPU.ActiveCfg = Release|Any CPU
		{9125DC61-0C0A-406D-8A46-8B7792514597}.Release|Any CPU.Build.0 = Release|Any CPU
		{986AE308-B5DE-48BD-AD50-0EF7C1A2FDD2}.Debug|Any CPU.ActiveCfg = Debug|Any CPU
		{986AE308-B5DE-48BD-AD50-0EF7C1A2FDD2}.Debug|Any CPU.Build.0 = Debug|Any CPU
		{986AE308-B5DE-48BD-AD50-0EF7C1A2FDD2}.Release|Any CPU.ActiveCfg = Release|Any CPU
		{986AE308-B5DE-48BD-AD50-0EF7C1A2FDD2}.Release|Any CPU.Build.0 = Release|Any CPU
	EndGlobalSection
	GlobalSection(SolutionProperties) = preSolution
		HideSolutionNode = FALSE
	EndGlobalSection
	GlobalSection(ExtensibilityGlobals) = postSolution
		SolutionGuid = {2A169B56-043B-4E02-9A9B-08881AAD1A37}
	EndGlobalSection
EndGlobal
